{
  "originHash" : "061a51d52db3f0a783ec89d0c711a6f1f8473dd6ff70546a06d8f2daefe7ceac",
  "pins" : [
    {
      "identity" : "emptyuikit",
      "kind" : "remoteSourceControl",
      "location" : "https://github.com/sereivoanyong/EmptyUIKit",
      "state" : {
        "branch" : "main",
        "revision" : "e64a346d557febe38c97135c630cb1423d5da464"
      }
    }
  ],
  "version" : 3
}
